
Microsoft Visual Studio Solution File, Format Version 12.00
# Visual Studio 14
VisualStudioVersion = 14.0.25123.0
MinimumVisualStudioVersion = 10.0.40219.1
Project("{FAE04EC0-301F-11D3-BF4B-00C04F79EFBC}") = "Wodsoft.NugetProxy", "Wodsoft.NugetProxy\Wodsoft.NugetProxy.csproj", "{8503BDCC-783D-4CFC-A6DB-FEC04B1D25A0}"
EndProject
Project("{2150E333-8FDC-42A3-9474-1A3956D46DE8}") = "Solution Items", "Solution Items", "{FAC8D6FA-50CB-43DD-87B5-2C371A027057}"
	ProjectSection(SolutionItems) = preProject
		README.md = README.md
	EndProjectSection
EndProject
Global
	GlobalSection(SolutionConfigurationPlatforms) = preSolution
		Debug|Any CPU = Debug|Any CPU
		Release|Any CPU = Release|Any CPU
	EndGlobalSection
	GlobalSection(ProjectConfigurationPlatforms) = postSolution
		{8503BDCC-783D-4CFC-A6DB-FEC04B1D25A0}.Debug|Any CPU.ActiveCfg = Debug|Any CPU
		{8503BDCC-783D-4CFC-A6DB-FEC04B1D25A0}.Debug|Any CPU.Build.0 = Debug|Any CPU
		{8503BDCC-783D-4CFC-A6DB-FEC04B1D25A0}.Release|Any CPU.ActiveCfg = Release|Any CPU
		{8503BDCC-783D-4CFC-A6DB-FEC04B1D25A0}.Release|Any CPU.Build.0 = Release|Any CPU
	EndGlobalSection
	GlobalSection(SolutionProperties) = preSolution
		HideSolutionNode = FALSE
	EndGlobalSection
EndGlobal
